{
  "name": "PFE_STEG",
  "lockfileVersion": 3,
  "requires": true,
  "packages": {
    "": {
      "dependencies": {
        "proj4": "^2.15.0"
      }
    },
    "node_modules/mgrs": {
      "version": "1.0.0",
      "resolved": "https://registry.npmjs.org/mgrs/-/mgrs-1.0.0.tgz",
      "integrity": "sha512-awNbTOqCxK1DBGjalK3xqWIstBZgN6fxsMSiXLs9/spqWkF2pAhb2rrYCFSsr1/tT7PhcDGjZndG8SWYn0byYA==",
      "license": "MIT"
    },
    "node_modules/proj4": {
      "version": "2.15.0",
      "resolved": "https://registry.npmjs.org/proj4/-/proj4-2.15.0.tgz",
      "integrity": "sha512-LqCNEcPdI03BrCHxPLj29vsd5afsm+0sV1H/O3nTDKrv8/LA01ea1z4QADDMjUqxSXWnrmmQDjqFm1J/uZ5RLw==",
      "license": "MIT",
      "dependencies": {
        "mgrs": "1.0.0",
        "wkt-parser": "^1.4.0"
      }
    },
    "node_modules/wkt-parser": {
      "version": "1.4.0",
      "resolved": "https://registry.npmjs.org/wkt-parser/-/wkt-parser-1.4.0.tgz",
      "integrity": "sha512-qpwO7Ihds/YYDTi1aADFTI1Sm9YC/tTe3SHD24EeIlZxy7Ik6a1b4HOz7jAi0xdUAw487duqpo8OGu+Tf4nwlQ==",
      "license": "MIT"
    }
  }
}
